
Microsoft Visual Studio Solution File, Format Version 12.00
# Visual Studio Version 17
VisualStudioVersion = 17.0.31903.59
MinimumVisualStudioVersion = 10.0.40219.1
Project("{2150E333-8FDC-42A3-9474-1A3956D46DE8}") = "src", "src", "{827E0CD3-B72D-47B6-A68D-7590B98EB39B}"
EndProject
Project("{2150E333-8FDC-42A3-9474-1A3956D46DE8}") = "BuildingBlocks", "BuildingBlocks", "{90298CBA-BD6F-3A0A-69D5-97CAD7B05E7E}"
EndProject
Project("{FAE04EC0-301F-11D3-BF4B-00C04F79EFBC}") = "Messaging.Abstractions", "src\BuildingBlocks\Messaging.Abstractions\Messaging.Abstractions.csproj", "{EEB249E1-A1A7-41D6-9455-B9E1273FE9B7}"
EndProject
Project("{FAE04EC0-301F-11D3-BF4B-00C04F79EFBC}") = "Messaging.Contracts", "src\BuildingBlocks\Messaging.Contracts\Messaging.Contracts.csproj", "{3ED8F607-7733-418A-B081-8F139420230E}"
EndProject
Project("{FAE04EC0-301F-11D3-BF4B-00C04F79EFBC}") = "Observability", "src\BuildingBlocks\Observability\Observability.csproj", "{604C2F88-443D-4BB6-B5E0-D9CF8BDBF5F4}"
EndProject
Project("{2150E333-8FDC-42A3-9474-1A3956D46DE8}") = "Commerce", "Commerce", "{F45D0CFF-4F97-9FA9-FCF0-E02E04652613}"
EndProject
Project("{FAE04EC0-301F-11D3-BF4B-00C04F79EFBC}") = "Commerce.Api", "src\Commerce\Commerce.Api\Commerce.Api.csproj", "{6F5988DA-6910-49F3-861F-B62CDA15F8CC}"
EndProject
Project("{FAE04EC0-301F-11D3-BF4B-00C04F79EFBC}") = "Commerce.Application", "src\Commerce\Commerce.Application\Commerce.Application.csproj", "{2D2C20C4-CEFD-41F0-8133-F1C52F0B83C3}"
EndProject
Project("{FAE04EC0-301F-11D3-BF4B-00C04F79EFBC}") = "Commerce.Domain", "src\Commerce\Commerce.Domain\Commerce.Domain.csproj", "{B34885E8-2753-4B3F-819F-0DA96E120706}"
EndProject
Project("{FAE04EC0-301F-11D3-BF4B-00C04F79EFBC}") = "Commerce.Infrastructure", "src\Commerce\Commerce.Infrastructure\Commerce.Infrastructure.csproj", "{EA3D4E38-D561-498E-A8DE-53FBEFA770CA}"
EndProject
Project("{2150E333-8FDC-42A3-9474-1A3956D46DE8}") = "Inventory", "Inventory", "{6646DC9B-45F7-597F-FD98-DC7F277572B1}"
EndProject
Project("{FAE04EC0-301F-11D3-BF4B-00C04F79EFBC}") = "Inventory.Application", "src\Inventory\Inventory.Application\Inventory.Application.csproj", "{F2FA52DC-EE62-485E-822A-E06108868AC6}"
EndProject
Project("{FAE04EC0-301F-11D3-BF4B-00C04F79EFBC}") = "Inventory.Domain", "src\Inventory\Inventory.Domain\Inventory.Domain.csproj", "{CADF80B4-3625-43FB-A8A6-EE17177616A0}"
EndProject
Project("{FAE04EC0-301F-11D3-BF4B-00C04F79EFBC}") = "Inventory.Infrastructure", "src\Inventory\Inventory.Infrastructure\Inventory.Infrastructure.csproj", "{E992FCF7-FB6C-40EA-B8B3-2E1D38471C1C}"
EndProject
Project("{FAE04EC0-301F-11D3-BF4B-00C04F79EFBC}") = "Inventory.Worker", "src\Inventory\Inventory.Worker\Inventory.Worker.csproj", "{BCBE161C-3F98-4009-AEE9-CA9C67D83435}"
EndProject
Project("{2150E333-8FDC-42A3-9474-1A3956D46DE8}") = "Payments", "Payments", "{FF0E3929-CBDF-D101-A636-4697F11DEC78}"
EndProject
Project("{FAE04EC0-301F-11D3-BF4B-00C04F79EFBC}") = "Payments.Application", "src\Payments\Payments.Application\Payments.Application.csproj", "{3CDA6243-B264-4A0D-9413-D1AA01E6A4F3}"
EndProject
Project("{FAE04EC0-301F-11D3-BF4B-00C04F79EFBC}") = "Payments.Domain", "src\Payments\Payments.Domain\Payments.Domain.csproj", "{B5C91692-59D3-4303-965A-BD505501E480}"
EndProject
Project("{FAE04EC0-301F-11D3-BF4B-00C04F79EFBC}") = "Payments.Infrastructure", "src\Payments\Payments.Infrastructure\Payments.Infrastructure.csproj", "{BACC5EF2-DAEA-4139-ADEA-B8B17FCD5550}"
EndProject
Project("{FAE04EC0-301F-11D3-BF4B-00C04F79EFBC}") = "Payments.Worker", "src\Payments\Payments.Worker\Payments.Worker.csproj", "{BBFA798C-E6F4-42C4-ABED-336CBA3556C4}"
EndProject
Project("{2150E333-8FDC-42A3-9474-1A3956D46DE8}") = "tests", "tests", "{0AB3BF05-4346-4AA6-1389-037BE0695223}"
EndProject
Project("{FAE04EC0-301F-11D3-BF4B-00C04F79EFBC}") = "Commerce.IntegrationTests", "tests\Commerce.IntegrationTests\Commerce.IntegrationTests.csproj", "{F4D194D3-4909-431E-B4D2-B9694CE37F8F}"
EndProject
Project("{FAE04EC0-301F-11D3-BF4B-00C04F79EFBC}") = "Commerce.UnitTests", "tests\Commerce.UnitTests\Commerce.UnitTests.csproj", "{421A12AE-D821-457B-9E3B-AF16F2A25466}"
EndProject
Project("{FAE04EC0-301F-11D3-BF4B-00C04F79EFBC}") = "Contracts.Tests", "tests\Contracts.Tests\Contracts.Tests.csproj", "{71FA6A4E-A53C-414C-B49A-990234F7EB9E}"
EndProject
Project("{FAE04EC0-301F-11D3-BF4B-00C04F79EFBC}") = "EndToEnd.Tests", "tests\EndToEnd.Tests\EndToEnd.Tests.csproj", "{83D84AAB-AF5F-4867-918F-D02925363013}"
EndProject
Project("{FAE04EC0-301F-11D3-BF4B-00C04F79EFBC}") = "Inventory.IntegrationTests", "tests\Inventory.IntegrationTests\Inventory.IntegrationTests.csproj", "{A4D9B1AF-5264-4050-AD3A-3C58AAB34242}"
EndProject
Project("{FAE04EC0-301F-11D3-BF4B-00C04F79EFBC}") = "Inventory.UnitTests", "tests\Inventory.UnitTests\Inventory.UnitTests.csproj", "{7FE323FE-1D49-4F31-AFA7-C81ABDD5D4C2}"
EndProject
Project("{FAE04EC0-301F-11D3-BF4B-00C04F79EFBC}") = "Payments.IntegrationTests", "tests\Payments.IntegrationTests\Payments.IntegrationTests.csproj", "{2378E4CD-6ABB-4B95-AA2E-F1F6FCA321D5}"
EndProject
Project("{FAE04EC0-301F-11D3-BF4B-00C04F79EFBC}") = "Payments.UnitTests", "tests\Payments.UnitTests\Payments.UnitTests.csproj", "{6CC35962-3A90-47C6-92AA-96EE42880704}"
EndProject
Global
	GlobalSection(SolutionConfigurationPlatforms) = preSolution
		Debug|Any CPU = Debug|Any CPU
		Debug|x64 = Debug|x64
		Debug|x86 = Debug|x86
		Release|Any CPU = Release|Any CPU
		Release|x64 = Release|x64
		Release|x86 = Release|x86
	EndGlobalSection
	GlobalSection(ProjectConfigurationPlatforms) = postSolution
		{EEB249E1-A1A7-41D6-9455-B9E1273FE9B7}.Debug|Any CPU.ActiveCfg = Debug|Any CPU
		{EEB249E1-A1A7-41D6-9455-B9E1273FE9B7}.Debug|Any CPU.Build.0 = Debug|Any CPU
		{EEB249E1-A1A7-41D6-9455-B9E1273FE9B7}.Debug|x64.ActiveCfg = Debug|Any CPU
		{EEB249E1-A1A7-41D6-9455-B9E1273FE9B7}.Debug|x64.Build.0 = Debug|Any CPU
		{EEB249E1-A1A7-41D6-9455-B9E1273FE9B7}.Debug|x86.ActiveCfg = Debug|Any CPU
		{EEB249E1-A1A7-41D6-9455-B9E1273FE9B7}.Debug|x86.Build.0 = Debug|Any CPU
		{EEB249E1-A1A7-41D6-9455-B9E1273FE9B7}.Release|Any CPU.ActiveCfg = Release|Any CPU
		{EEB249E1-A1A7-41D6-9455-B9E1273FE9B7}.Release|Any CPU.Build.0 = Release|Any CPU
		{EEB249E1-A1A7-41D6-9455-B9E1273FE9B7}.Release|x64.ActiveCfg = Release|Any CPU
		{EEB249E1-A1A7-41D6-9455-B9E1273FE9B7}.Release|x64.Build.0 = Release|Any CPU
		{EEB249E1-A1A7-41D6-9455-B9E1273FE9B7}.Release|x86.ActiveCfg = Release|Any CPU
		{EEB249E1-A1A7-41D6-9455-B9E1273FE9B7}.Release|x86.Build.0 = Release|Any CPU
		{3ED8F607-7733-418A-B081-8F139420230E}.Debug|Any CPU.ActiveCfg = Debug|Any CPU
		{3ED8F607-7733-418A-B081-8F139420230E}.Debug|Any CPU.Build.0 = Debug|Any CPU
		{3ED8F607-7733-418A-B081-8F139420230E}.Debug|x64.ActiveCfg = Debug|Any CPU
		{3ED8F607-7733-418A-B081-8F139420230E}.Debug|x64.Build.0 = Debug|Any CPU
		{3ED8F607-7733-418A-B081-8F139420230E}.Debug|x86.ActiveCfg = Debug|Any CPU
		{3ED8F607-7733-418A-B081-8F139420230E}.Debug|x86.Build.0 = Debug|Any CPU
		{3ED8F607-7733-418A-B081-8F139420230E}.Release|Any CPU.ActiveCfg = Release|Any CPU
		{3ED8F607-7733-418A-B081-8F139420230E}.Release|Any CPU.Build.0 = Release|Any CPU
		{3ED8F607-7733-418A-B081-8F139420230E}.Release|x64.ActiveCfg = Release|Any CPU
		{3ED8F607-7733-418A-B081-8F139420230E}.Release|x64.Build.0 = Release|Any CPU
		{3ED8F607-7733-418A-B081-8F139420230E}.Release|x86.ActiveCfg = Release|Any CPU
		{3ED8F607-7733-418A-B081-8F139420230E}.Release|x86.Build.0 = Release|Any CPU
		{604C2F88-443D-4BB6-B5E0-D9CF8BDBF5F4}.Debug|Any CPU.ActiveCfg = Debug|Any CPU
		{604C2F88-443D-4BB6-B5E0-D9CF8BDBF5F4}.Debug|Any CPU.Build.0 = Debug|Any CPU
		{604C2F88-443D-4BB6-B5E0-D9CF8BDBF5F4}.Debug|x64.ActiveCfg = Debug|Any CPU
		{604C2F88-443D-4BB6-B5E0-D9CF8BDBF5F4}.Debug|x64.Build.0 = Debug|Any CPU
		{604C2F88-443D-4BB6-B5E0-D9CF8BDBF5F4}.Debug|x86.ActiveCfg = Debug|Any CPU
		{604C2F88-443D-4BB6-B5E0-D9CF8BDBF5F4}.Debug|x86.Build.0 = Debug|Any CPU
		{604C2F88-443D-4BB6-B5E0-D9CF8BDBF5F4}.Release|Any CPU.ActiveCfg = Release|Any CPU
		{604C2F88-443D-4BB6-B5E0-D9CF8BDBF5F4}.Release|Any CPU.Build.0 = Release|Any CPU
		{604C2F88-443D-4BB6-B5E0-D9CF8BDBF5F4}.Release|x64.ActiveCfg = Release|Any CPU
		{604C2F88-443D-4BB6-B5E0-D9CF8BDBF5F4}.Release|x64.Build.0 = Release|Any CPU
		{604C2F88-443D-4BB6-B5E0-D9CF8BDBF5F4}.Release|x86.ActiveCfg = Release|Any CPU
		{604C2F88-443D-4BB6-B5E0-D9CF8BDBF5F4}.Release|x86.Build.0 = Release|Any CPU
		{6F5988DA-6910-49F3-861F-B62CDA15F8CC}.Debug|Any CPU.ActiveCfg = Debug|Any CPU
		{6F5988DA-6910-49F3-861F-B62CDA15F8CC}.Debug|Any CPU.Build.0 = Debug|Any CPU
		{6F5988DA-6910-49F3-861F-B62CDA15F8CC}.Debug|x64.ActiveCfg = Debug|Any CPU
		{6F5988DA-6910-49F3-861F-B62CDA15F8CC}.Debug|x64.Build.0 = Debug|Any CPU
		{6F5988DA-6910-49F3-861F-B62CDA15F8CC}.Debug|x86.ActiveCfg = Debug|Any CPU
		{6F5988DA-6910-49F3-861F-B62CDA15F8CC}.Debug|x86.Build.0 = Debug|Any CPU
		{6F5988DA-6910-49F3-861F-B62CDA15F8CC}.Release|Any CPU.ActiveCfg = Release|Any CPU
		{6F5988DA-6910-49F3-861F-B62CDA15F8CC}.Release|Any CPU.Build.0 = Release|Any CPU
		{6F5988DA-6910-49F3-861F-B62CDA15F8CC}.Release|x64.ActiveCfg = Release|Any CPU
		{6F5988DA-6910-49F3-861F-B62CDA15F8CC}.Release|x64.Build.0 = Release|Any CPU
		{6F5988DA-6910-49F3-861F-B62CDA15F8CC}.Release|x86.ActiveCfg = Release|Any CPU
		{6F5988DA-6910-49F3-861F-B62CDA15F8CC}.Release|x86.Build.0 = Release|Any CPU
		{2D2C20C4-CEFD-41F0-8133-F1C52F0B83C3}.Debug|Any CPU.ActiveCfg = Debug|Any CPU
		{2D2C20C4-CEFD-41F0-8133-F1C52F0B83C3}.Debug|Any CPU.Build.0 = Debug|Any CPU
		{2D2C20C4-CEFD-41F0-8133-F1C52F0B83C3}.Debug|x64.ActiveCfg = Debug|Any CPU
		{2D2C20C4-CEFD-41F0-8133-F1C52F0B83C3}.Debug|x64.Build.0 = Debug|Any CPU
		{2D2C20C4-CEFD-41F0-8133-F1C52F0B83C3}.Debug|x86.ActiveCfg = Debug|Any CPU
		{2D2C20C4-CEFD-41F0-8133-F1C52F0B83C3}.Debug|x86.Build.0 = Debug|Any CPU
		{2D2C20C4-CEFD-41F0-8133-F1C52F0B83C3}.Release|Any CPU.ActiveCfg = Release|Any CPU
		{2D2C20C4-CEFD-41F0-8133-F1C52F0B83C3}.Release|Any CPU.Build.0 = Release|Any CPU
		{2D2C20C4-CEFD-41F0-8133-F1C52F0B83C3}.Release|x64.ActiveCfg = Release|Any CPU
		{2D2C20C4-CEFD-41F0-8133-F1C52F0B83C3}.Release|x64.Build.0 = Release|Any CPU
		{2D2C20C4-CEFD-41F0-8133-F1C52F0B83C3}.Release|x86.ActiveCfg = Release|Any CPU
		{2D2C20C4-CEFD-41F0-8133-F1C52F0B83C3}.Release|x86.Build.0 = Release|Any CPU
		{B34885E8-2753-4B3F-819F-0DA96E120706}.Debug|Any CPU.ActiveCfg = Debug|Any CPU
		{B34885E8-2753-4B3F-819F-0DA96E120706}.Debug|Any CPU.Build.0 = Debug|Any CPU
		{B34885E8-2753-4B3F-819F-0DA96E120706}.Debug|x64.ActiveCfg = Debug|Any CPU
		{B34885E8-2753-4B3F-819F-0DA96E120706}.Debug|x64.Build.0 = Debug|Any CPU
		{B34885E8-2753-4B3F-819F-0DA96E120706}.Debug|x86.ActiveCfg = Debug|Any CPU
		{B34885E8-2753-4B3F-819F-0DA96E120706}.Debug|x86.Build.0 = Debug|Any CPU
		{B34885E8-2753-4B3F-819F-0DA96E120706}.Release|Any CPU.ActiveCfg = Release|Any CPU
		{B34885E8-2753-4B3F-819F-0DA96E120706}.Release|Any CPU.Build.0 = Release|Any CPU
		{B34885E8-2753-4B3F-819F-0DA96E120706}.Release|x64.ActiveCfg = Release|Any CPU
		{B34885E8-2753-4B3F-819F-0DA96E120706}.Release|x64.Build.0 = Release|Any CPU
		{B34885E8-2753-4B3F-819F-0DA96E120706}.Release|x86.ActiveCfg = Release|Any CPU
		{B34885E8-2753-4B3F-819F-0DA96E120706}.Release|x86.Build.0 = Release|Any CPU
		{EA3D4E38-D561-498E-A8DE-53FBEFA770CA}.Debug|Any CPU.ActiveCfg = Debug|Any CPU
		{EA3D4E38-D561-498E-A8DE-53FBEFA770CA}.Debug|Any CPU.Build.0 = Debug|Any CPU
		{EA3D4E38-D561-498E-A8DE-53FBEFA770CA}.Debug|x64.ActiveCfg = Debug|Any CPU
		{EA3D4E38-D561-498E-A8DE-53FBEFA770CA}.Debug|x64.Build.0 = Debug|Any CPU
		{EA3D4E38-D561-498E-A8DE-53FBEFA770CA}.Debug|x86.ActiveCfg = Debug|Any CPU
		{EA3D4E38-D561-498E-A8DE-53FBEFA770CA}.Debug|x86.Build.0 = Debug|Any CPU
		{EA3D4E38-D561-498E-A8DE-53FBEFA770CA}.Release|Any CPU.ActiveCfg = Release|Any CPU
		{EA3D4E38-D561-498E-A8DE-53FBEFA770CA}.Release|Any CPU.Build.0 = Release|Any CPU
		{EA3D4E38-D561-498E-A8DE-53FBEFA770CA}.Release|x64.ActiveCfg = Release|Any CPU
		{EA3D4E38-D561-498E-A8DE-53FBEFA770CA}.Release|x64.Build.0 = Release|Any CPU
		{EA3D4E38-D561-498E-A8DE-53FBEFA770CA}.Release|x86.ActiveCfg = Release|Any CPU
		{EA3D4E38-D561-498E-A8DE-53FBEFA770CA}.Release|x86.Build.0 = Release|Any CPU
		{F2FA52DC-EE62-485E-822A-E06108868AC6}.Debug|Any CPU.ActiveCfg = Debug|Any CPU
		{F2FA52DC-EE62-485E-822A-E06108868AC6}.Debug|Any CPU.Build.0 = Debug|Any CPU
		{F2FA52DC-EE62-485E-822A-E06108868AC6}.Debug|x64.ActiveCfg = Debug|Any CPU
		{F2FA52DC-EE62-485E-822A-E06108868AC6}.Debug|x64.Build.0 = Debug|Any CPU
		{F2FA52DC-EE62-485E-822A-E06108868AC6}.Debug|x86.ActiveCfg = Debug|Any CPU
		{F2FA52DC-EE62-485E-822A-E06108868AC6}.Debug|x86.Build.0 = Debug|Any CPU
		{F2FA52DC-EE62-485E-822A-E06108868AC6}.Release|Any CPU.ActiveCfg = Release|Any CPU
		{F2FA52DC-EE62-485E-822A-E06108868AC6}.Release|Any CPU.Build.0 = Release|Any CPU
		{F2FA52DC-EE62-485E-822A-E06108868AC6}.Release|x64.ActiveCfg = Release|Any CPU
		{F2FA52DC-EE62-485E-822A-E06108868AC6}.Release|x64.Build.0 = Release|Any CPU
		{F2FA52DC-EE62-485E-822A-E06108868AC6}.Release|x86.ActiveCfg = Release|Any CPU
		{F2FA52DC-EE62-485E-822A-E06108868AC6}.Release|x86.Build.0 = Release|Any CPU
		{CADF80B4-3625-43FB-A8A6-EE17177616A0}.Debug|Any CPU.ActiveCfg = Debug|Any CPU
		{CADF80B4-3625-43FB-A8A6-EE17177616A0}.Debug|Any CPU.Build.0 = Debug|Any CPU
		{CADF80B4-3625-43FB-A8A6-EE17177616A0}.Debug|x64.ActiveCfg = Debug|Any CPU
		{CADF80B4-3625-43FB-A8A6-EE17177616A0}.Debug|x64.Build.0 = Debug|Any CPU
		{CADF80B4-3625-43FB-A8A6-EE17177616A0}.Debug|x86.ActiveCfg = Debug|Any CPU
		{CADF80B4-3625-43FB-A8A6-EE17177616A0}.Debug|x86.Build.0 = Debug|Any CPU
		{CADF80B4-3625-43FB-A8A6-EE17177616A0}.Release|Any CPU.ActiveCfg = Release|Any CPU
		{CADF80B4-3625-43FB-A8A6-EE17177616A0}.Release|Any CPU.Build.0 = Release|Any CPU
		{CADF80B4-3625-43FB-A8A6-EE17177616A0}.Release|x64.ActiveCfg = Release|Any CPU
		{CADF80B4-3625-43FB-A8A6-EE17177616A0}.Release|x64.Build.0 = Release|Any CPU
		{CADF80B4-3625-43FB-A8A6-EE17177616A0}.Release|x86.ActiveCfg = Release|Any CPU
		{CADF80B4-3625-43FB-A8A6-EE17177616A0}.Release|x86.Build.0 = Release|Any CPU
		{E992FCF7-FB6C-40EA-B8B3-2E1D38471C1C}.Debug|Any CPU.ActiveCfg = Debug|Any CPU
		{E992FCF7-FB6C-40EA-B8B3-2E1D38471C1C}.Debug|Any CPU.Build.0 = Debug|Any CPU
		{E992FCF7-FB6C-40EA-B8B3-2E1D38471C1C}.Debug|x64.ActiveCfg = Debug|Any CPU
		{E992FCF7-FB6C-40EA-B8B3-2E1D38471C1C}.Debug|x64.Build.0 = Debug|Any CPU
		{E992FCF7-FB6C-40EA-B8B3-2E1D38471C1C}.Debug|x86.ActiveCfg = Debug|Any CPU
		{E992FCF7-FB6C-40EA-B8B3-2E1D38471C1C}.Debug|x86.Build.0 = Debug|Any CPU
		{E992FCF7-FB6C-40EA-B8B3-2E1D38471C1C}.Release|Any CPU.ActiveCfg = Release|Any CPU
		{E992FCF7-FB6C-40EA-B8B3-2E1D38471C1C}.Release|Any CPU.Build.0 = Release|Any CPU
		{E992FCF7-FB6C-40EA-B8B3-2E1D38471C1C}.Release|x64.ActiveCfg = Release|Any CPU
		{E992FCF7-FB6C-40EA-B8B3-2E1D38471C1C}.Release|x64.Build.0 = Release|Any CPU
		{E992FCF7-FB6C-40EA-B8B3-2E1D38471C1C}.Release|x86.ActiveCfg = Release|Any CPU
		{E992FCF7-FB6C-40EA-B8B3-2E1D38471C1C}.Release|x86.Build.0 = Release|Any CPU
		{BCBE161C-3F98-4009-AEE9-CA9C67D83435}.Debug|Any CPU.ActiveCfg = Debug|Any CPU
		{BCBE161C-3F98-4009-AEE9-CA9C67D83435}.Debug|Any CPU.Build.0 = Debug|Any CPU
		{BCBE161C-3F98-4009-AEE9-CA9C67D83435}.Debug|x64.ActiveCfg = Debug|Any CPU
		{BCBE161C-3F98-4009-AEE9-CA9C67D83435}.Debug|x64.Build.0 = Debug|Any CPU
		{BCBE161C-3F98-4009-AEE9-CA9C67D83435}.Debug|x86.ActiveCfg = Debug|Any CPU
		{BCBE161C-3F98-4009-AEE9-CA9C67D83435}.Debug|x86.Build.0 = Debug|Any CPU
		{BCBE161C-3F98-4009-AEE9-CA9C67D83435}.Release|Any CPU.ActiveCfg = Release|Any CPU
		{BCBE161C-3F98-4009-AEE9-CA9C67D83435}.Release|Any CPU.Build.0 = Release|Any CPU
		{BCBE161C-3F98-4009-AEE9-CA9C67D83435}.Release|x64.ActiveCfg = Release|Any CPU
		{BCBE161C-3F98-4009-AEE9-CA9C67D83435}.Release|x64.Build.0 = Release|Any CPU
		{BCBE161C-3F98-4009-AEE9-CA9C67D83435}.Release|x86.ActiveCfg = Release|Any CPU
		{BCBE161C-3F98-4009-AEE9-CA9C67D83435}.Release|x86.Build.0 = Release|Any CPU
		{3CDA6243-B264-4A0D-9413-D1AA01E6A4F3}.Debug|Any CPU.ActiveCfg = Debug|Any CPU
		{3CDA6243-B264-4A0D-9413-D1AA01E6A4F3}.Debug|Any CPU.Build.0 = Debug|Any CPU
		{3CDA6243-B264-4A0D-9413-D1AA01E6A4F3}.Debug|x64.ActiveCfg = Debug|Any CPU
		{3CDA6243-B264-4A0D-9413-D1AA01E6A4F3}.Debug|x64.Build.0 = Debug|Any CPU
		{3CDA6243-B264-4A0D-9413-D1AA01E6A4F3}.Debug|x86.ActiveCfg = Debug|Any CPU
		{3CDA6243-B264-4A0D-9413-D1AA01E6A4F3}.Debug|x86.Build.0 = Debug|Any CPU
		{3CDA6243-B264-4A0D-9413-D1AA01E6A4F3}.Release|Any CPU.ActiveCfg = Release|Any CPU
		{3CDA6243-B264-4A0D-9413-D1AA01E6A4F3}.Release|Any CPU.Build.0 = Release|Any CPU
		{3CDA6243-B264-4A0D-9413-D1AA01E6A4F3}.Release|x64.ActiveCfg = Release|Any CPU
		{3CDA6243-B264-4A0D-9413-D1AA01E6A4F3}.Release|x64.Build.0 = Release|Any CPU
		{3CDA6243-B264-4A0D-9413-D1AA01E6A4F3}.Release|x86.ActiveCfg = Release|Any CPU
		{3CDA6243-B264-4A0D-9413-D1AA01E6A4F3}.Release|x86.Build.0 = Release|Any CPU
		{B5C91692-59D3-4303-965A-BD505501E480}.Debug|Any CPU.ActiveCfg = Debug|Any CPU
		{B5C91692-59D3-4303-965A-BD505501E480}.Debug|Any CPU.Build.0 = Debug|Any CPU
		{B5C91692-59D3-4303-965A-BD505501E480}.Debug|x64.ActiveCfg = Debug|Any CPU
		{B5C91692-59D3-4303-965A-BD505501E480}.Debug|x64.Build.0 = Debug|Any CPU
		{B5C91692-59D3-4303-965A-BD505501E480}.Debug|x86.ActiveCfg = Debug|Any CPU
		{B5C91692-59D3-4303-965A-BD505501E480}.Debug|x86.Build.0 = Debug|Any CPU
		{B5C91692-59D3-4303-965A-BD505501E480}.Release|Any CPU.ActiveCfg = Release|Any CPU
		{B5C91692-59D3-4303-965A-BD505501E480}.Release|Any CPU.Build.0 = Release|Any CPU
		{B5C91692-59D3-4303-965A-BD505501E480}.Release|x64.ActiveCfg = Release|Any CPU
		{B5C91692-59D3-4303-965A-BD505501E480}.Release|x64.Build.0 = Release|Any CPU
		{B5C91692-59D3-4303-965A-BD505501E480}.Release|x86.ActiveCfg = Release|Any CPU
		{B5C91692-59D3-4303-965A-BD505501E480}.Release|x86.Build.0 = Release|Any CPU
		{BACC5EF2-DAEA-4139-ADEA-B8B17FCD5550}.Debug|Any CPU.ActiveCfg = Debug|Any CPU
		{BACC5EF2-DAEA-4139-ADEA-B8B17FCD5550}.Debug|Any CPU.Build.0 = Debug|Any CPU
		{BACC5EF2-DAEA-4139-ADEA-B8B17FCD5550}.Debug|x64.ActiveCfg = Debug|Any CPU
		{BACC5EF2-DAEA-4139-ADEA-B8B17FCD5550}.Debug|x64.Build.0 = Debug|Any CPU
		{BACC5EF2-DAEA-4139-ADEA-B8B17FCD5550}.Debug|x86.ActiveCfg = Debug|Any CPU
		{BACC5EF2-DAEA-4139-ADEA-B8B17FCD5550}.Debug|x86.Build.0 = Debug|Any CPU
		{BACC5EF2-DAEA-4139-ADEA-B8B17FCD5550}.Release|Any CPU.ActiveCfg = Release|Any CPU
		{BACC5EF2-DAEA-4139-ADEA-B8B17FCD5550}.Release|Any CPU.Build.0 = Release|Any CPU
		{BACC5EF2-DAEA-4139-ADEA-B8B17FCD5550}.Release|x64.ActiveCfg = Release|Any CPU
		{BACC5EF2-DAEA-4139-ADEA-B8B17FCD5550}.Release|x64.Build.0 = Release|Any CPU
		{BACC5EF2-DAEA-4139-ADEA-B8B17FCD5550}.Release|x86.ActiveCfg = Release|Any CPU
		{BACC5EF2-DAEA-4139-ADEA-B8B17FCD5550}.Release|x86.Build.0 = Release|Any CPU
		{BBFA798C-E6F4-42C4-ABED-336CBA3556C4}.Debug|Any CPU.ActiveCfg = Debug|Any CPU
		{BBFA798C-E6F4-42C4-ABED-336CBA3556C4}.Debug|Any CPU.Build.0 = Debug|Any CPU
		{BBFA798C-E6F4-42C4-ABED-336CBA3556C4}.Debug|x64.ActiveCfg = Debug|Any CPU
		{BBFA798C-E6F4-42C4-ABED-336CBA3556C4}.Debug|x64.Build.0 = Debug|Any CPU
		{BBFA798C-E6F4-42C4-ABED-336CBA3556C4}.Debug|x86.ActiveCfg = Debug|Any CPU
		{BBFA798C-E6F4-42C4-ABED-336CBA3556C4}.Debug|x86.Build.0 = Debug|Any CPU
		{BBFA798C-E6F4-42C4-ABED-336CBA3556C4}.Release|Any CPU.ActiveCfg = Release|Any CPU
		{BBFA798C-E6F4-42C4-ABED-336CBA3556C4}.Release|Any CPU.Build.0 = Release|Any CPU
		{BBFA798C-E6F4-42C4-ABED-336CBA3556C4}.Release|x64.ActiveCfg = Release|Any CPU
		{BBFA798C-E6F4-42C4-ABED-336CBA3556C4}.Release|x64.Build.0 = Release|Any CPU
		{BBFA798C-E6F4-42C4-ABED-336CBA3556C4}.Release|x86.ActiveCfg = Release|Any CPU
		{BBFA798C-E6F4-42C4-ABED-336CBA3556C4}.Release|x86.Build.0 = Release|Any CPU
		{F4D194D3-4909-431E-B4D2-B9694CE37F8F}.Debug|Any CPU.ActiveCfg = Debug|Any CPU
		{F4D194D3-4909-431E-B4D2-B9694CE37F8F}.Debug|Any CPU.Build.0 = Debug|Any CPU
		{F4D194D3-4909-431E-B4D2-B9694CE37F8F}.Debug|x64.ActiveCfg = Debug|Any CPU
		{F4D194D3-4909-431E-B4D2-B9694CE37F8F}.Debug|x64.Build.0 = Debug|Any CPU
		{F4D194D3-4909-431E-B4D2-B9694CE37F8F}.Debug|x86.ActiveCfg = Debug|Any CPU
		{F4D194D3-4909-431E-B4D2-B9694CE37F8F}.Debug|x86.Build.0 = Debug|Any CPU
		{F4D194D3-4909-431E-B4D2-B9694CE37F8F}.Release|Any CPU.ActiveCfg = Release|Any CPU
		{F4D194D3-4909-431E-B4D2-B9694CE37F8F}.Release|Any CPU.Build.0 = Release|Any CPU
		{F4D194D3-4909-431E-B4D2-B9694CE37F8F}.Release|x64.ActiveCfg = Release|Any CPU
		{F4D194D3-4909-431E-B4D2-B9694CE37F8F}.Release|x64.Build.0 = Release|Any CPU
		{F4D194D3-4909-431E-B4D2-B9694CE37F8F}.Release|x86.ActiveCfg = Release|Any CPU
		{F4D194D3-4909-431E-B4D2-B9694CE37F8F}.Release|x86.Build.0 = Release|Any CPU
		{421A12AE-D821-457B-9E3B-AF16F2A25466}.Debug|Any CPU.ActiveCfg = Debug|Any CPU
		{421A12AE-D821-457B-9E3B-AF16F2A25466}.Debug|Any CPU.Build.0 = Debug|Any CPU
		{421A12AE-D821-457B-9E3B-AF16F2A25466}.Debug|x64.ActiveCfg = Debug|Any CPU
		{421A12AE-D821-457B-9E3B-AF16F2A25466}.Debug|x64.Build.0 = Debug|Any CPU
		{421A12AE-D821-457B-9E3B-AF16F2A25466}.Debug|x86.ActiveCfg = Debug|Any CPU
		{421A12AE-D821-457B-9E3B-AF16F2A25466}.Debug|x86.Build.0 = Debug|Any CPU
		{421A12AE-D821-457B-9E3B-AF16F2A25466}.Release|Any CPU.ActiveCfg = Release|Any CPU
		{421A12AE-D821-457B-9E3B-AF16F2A25466}.Release|Any CPU.Build.0 = Release|Any CPU
		{421A12AE-D821-457B-9E3B-AF16F2A25466}.Release|x64.ActiveCfg = Release|Any CPU
		{421A12AE-D821-457B-9E3B-AF16F2A25466}.Release|x64.Build.0 = Release|Any CPU
		{421A12AE-D821-457B-9E3B-AF16F2A25466}.Release|x86.ActiveCfg = Release|Any CPU
		{421A12AE-D821-457B-9E3B-AF16F2A25466}.Release|x86.Build.0 = Release|Any CPU
		{71FA6A4E-A53C-414C-B49A-990234F7EB9E}.Debug|Any CPU.ActiveCfg = Debug|Any CPU
		{71FA6A4E-A53C-414C-B49A-990234F7EB9E}.Debug|Any CPU.Build.0 = Debug|Any CPU
		{71FA6A4E-A53C-414C-B49A-990234F7EB9E}.Debug|x64.ActiveCfg = Debug|Any CPU
		{71FA6A4E-A53C-414C-B49A-990234F7EB9E}.Debug|x64.Build.0 = Debug|Any CPU
		{71FA6A4E-A53C-414C-B49A-990234F7EB9E}.Debug|x86.ActiveCfg = Debug|Any CPU
		{71FA6A4E-A53C-414C-B49A-990234F7EB9E}.Debug|x86.Build.0 = Debug|Any CPU
		{71FA6A4E-A53C-414C-B49A-990234F7EB9E}.Release|Any CPU.ActiveCfg = Release|Any CPU
		{71FA6A4E-A53C-414C-B49A-990234F7EB9E}.Release|Any CPU.Build.0 = Release|Any CPU
		{71FA6A4E-A53C-414C-B49A-990234F7EB9E}.Release|x64.ActiveCfg = Release|Any CPU
		{71FA6A4E-A53C-414C-B49A-990234F7EB9E}.Release|x64.Build.0 = Release|Any CPU
		{71FA6A4E-A53C-414C-B49A-990234F7EB9E}.Release|x86.ActiveCfg = Release|Any CPU
		{71FA6A4E-A53C-414C-B49A-990234F7EB9E}.Release|x86.Build.0 = Release|Any CPU
		{83D84AAB-AF5F-4867-918F-D02925363013}.Debug|Any CPU.ActiveCfg = Debug|Any CPU
		{83D84AAB-AF5F-4867-918F-D02925363013}.Debug|Any CPU.Build.0 = Debug|Any CPU
		{83D84AAB-AF5F-4867-918F-D02925363013}.Debug|x64.ActiveCfg = Debug|Any CPU
		{83D84AAB-AF5F-4867-918F-D02925363013}.Debug|x64.Build.0 = Debug|Any CPU
		{83D84AAB-AF5F-4867-918F-D02925363013}.Debug|x86.ActiveCfg = Debug|Any CPU
		{83D84AAB-AF5F-4867-918F-D02925363013}.Debug|x86.Build.0 = Debug|Any CPU
		{83D84AAB-AF5F-4867-918F-D02925363013}.Release|Any CPU.ActiveCfg = Release|Any CPU
		{83D84AAB-AF5F-4867-918F-D02925363013}.Release|Any CPU.Build.0 = Release|Any CPU
		{83D84AAB-AF5F-4867-918F-D02925363013}.Release|x64.ActiveCfg = Release|Any CPU
		{83D84AAB-AF5F-4867-918F-D02925363013}.Release|x64.Build.0 = Release|Any CPU
		{83D84AAB-AF5F-4867-918F-D02925363013}.Release|x86.ActiveCfg = Release|Any CPU
		{83D84AAB-AF5F-4867-918F-D02925363013}.Release|x86.Build.0 = Release|Any CPU
		{A4D9B1AF-5264-4050-AD3A-3C58AAB34242}.Debug|Any CPU.ActiveCfg = Debug|Any CPU
		{A4D9B1AF-5264-4050-AD3A-3C58AAB34242}.Debug|Any CPU.Build.0 = Debug|Any CPU
		{A4D9B1AF-5264-4050-AD3A-3C58AAB34242}.Debug|x64.ActiveCfg = Debug|Any CPU
		{A4D9B1AF-5264-4050-AD3A-3C58AAB34242}.Debug|x64.Build.0 = Debug|Any CPU
		{A4D9B1AF-5264-4050-AD3A-3C58AAB34242}.Debug|x86.ActiveCfg = Debug|Any CPU
		{A4D9B1AF-5264-4050-AD3A-3C58AAB34242}.Debug|x86.Build.0 = Debug|Any CPU
		{A4D9B1AF-5264-4050-AD3A-3C58AAB34242}.Release|Any CPU.ActiveCfg = Release|Any CPU
		{A4D9B1AF-5264-4050-AD3A-3C58AAB34242}.Release|Any CPU.Build.0 = Release|Any CPU
		{A4D9B1AF-5264-4050-AD3A-3C58AAB34242}.Release|x64.ActiveCfg = Release|Any CPU
		{A4D9B1AF-5264-4050-AD3A-3C58AAB34242}.Release|x64.Build.0 = Release|Any CPU
		{A4D9B1AF-5264-4050-AD3A-3C58AAB34242}.Release|x86.ActiveCfg = Release|Any CPU
		{A4D9B1AF-5264-4050-AD3A-3C58AAB34242}.Release|x86.Build.0 = Release|Any CPU
		{7FE323FE-1D49-4F31-AFA7-C81ABDD5D4C2}.Debug|Any CPU.ActiveCfg = Debug|Any CPU
		{7FE323FE-1D49-4F31-AFA7-C81ABDD5D4C2}.Debug|Any CPU.Build.0 = Debug|Any CPU
		{7FE323FE-1D49-4F31-AFA7-C81ABDD5D4C2}.Debug|x64.ActiveCfg = Debug|Any CPU
		{7FE323FE-1D49-4F31-AFA7-C81ABDD5D4C2}.Debug|x64.Build.0 = Debug|Any CPU
		{7FE323FE-1D49-4F31-AFA7-C81ABDD5D4C2}.Debug|x86.ActiveCfg = Debug|Any CPU
		{7FE323FE-1D49-4F31-AFA7-C81ABDD5D4C2}.Debug|x86.Build.0 = Debug|Any CPU
		{7FE323FE-1D49-4F31-AFA7-C81ABDD5D4C2}.Release|Any CPU.ActiveCfg = Release|Any CPU
		{7FE323FE-1D49-4F31-AFA7-C81ABDD5D4C2}.Release|Any CPU.Build.0 = Release|Any CPU
		{7FE323FE-1D49-4F31-AFA7-C81ABDD5D4C2}.Release|x64.ActiveCfg = Release|Any CPU
		{7FE323FE-1D49-4F31-AFA7-C81ABDD5D4C2}.Release|x64.Build.0 = Release|Any CPU
		{7FE323FE-1D49-4F31-AFA7-C81ABDD5D4C2}.Release|x86.ActiveCfg = Release|Any CPU
		{7FE323FE-1D49-4F31-AFA7-C81ABDD5D4C2}.Release|x86.Build.0 = Release|Any CPU
		{2378E4CD-6ABB-4B95-AA2E-F1F6FCA321D5}.Debug|Any CPU.ActiveCfg = Debug|Any CPU
		{2378E4CD-6ABB-4B95-AA2E-F1F6FCA321D5}.Debug|Any CPU.Build.0 = Debug|Any CPU
		{2378E4CD-6ABB-4B95-AA2E-F1F6FCA321D5}.Debug|x64.ActiveCfg = Debug|Any CPU
		{2378E4CD-6ABB-4B95-AA2E-F1F6FCA321D5}.Debug|x64.Build.0 = Debug|Any CPU
		{2378E4CD-6ABB-4B95-AA2E-F1F6FCA321D5}.Debug|x86.ActiveCfg = Debug|Any CPU
		{2378E4CD-6ABB-4B95-AA2E-F1F6FCA321D5}.Debug|x86.Build.0 = Debug|Any CPU
		{2378E4CD-6ABB-4B95-AA2E-F1F6FCA321D5}.Release|Any CPU.ActiveCfg = Release|Any CPU
		{2378E4CD-6ABB-4B95-AA2E-F1F6FCA321D5}.Release|Any CPU.Build.0 = Release|Any CPU
		{2378E4CD-6ABB-4B95-AA2E-F1F6FCA321D5}.Release|x64.ActiveCfg = Release|Any CPU
		{2378E4CD-6ABB-4B95-AA2E-F1F6FCA321D5}.Release|x64.Build.0 = Release|Any CPU
		{2378E4CD-6ABB-4B95-AA2E-F1F6FCA321D5}.Release|x86.ActiveCfg = Release|Any CPU
		{2378E4CD-6ABB-4B95-AA2E-F1F6FCA321D5}.Release|x86.Build.0 = Release|Any CPU
		{6CC35962-3A90-47C6-92AA-96EE42880704}.Debug|Any CPU.ActiveCfg = Debug|Any CPU
		{6CC35962-3A90-47C6-92AA-96EE42880704}.Debug|Any CPU.Build.0 = Debug|Any CPU
		{6CC35962-3A90-47C6-92AA-96EE42880704}.Debug|x64.ActiveCfg = Debug|Any CPU
		{6CC35962-3A90-47C6-92AA-96EE42880704}.Debug|x64.Build.0 = Debug|Any CPU
		{6CC35962-3A90-47C6-92AA-96EE42880704}.Debug|x86.ActiveCfg = Debug|Any CPU
		{6CC35962-3A90-47C6-92AA-96EE42880704}.Debug|x86.Build.0 = Debug|Any CPU
		{6CC35962-3A90-47C6-92AA-96EE42880704}.Release|Any CPU.ActiveCfg = Release|Any CPU
		{6CC35962-3A90-47C6-92AA-96EE42880704}.Release|Any CPU.Build.0 = Release|Any CPU
		{6CC35962-3A90-47C6-92AA-96EE42880704}.Release|x64.ActiveCfg = Release|Any CPU
		{6CC35962-3A90-47C6-92AA-96EE42880704}.Release|x64.Build.0 = Release|Any CPU
		{6CC35962-3A90-47C6-92AA-96EE42880704}.Release|x86.ActiveCfg = Release|Any CPU
		{6CC35962-3A90-47C6-92AA-96EE42880704}.Release|x86.Build.0 = Release|Any CPU
	EndGlobalSection
	GlobalSection(SolutionProperties) = preSolution
		HideSolutionNode = FALSE
	EndGlobalSection
	GlobalSection(NestedProjects) = preSolution
		{90298CBA-BD6F-3A0A-69D5-97CAD7B05E7E} = {827E0CD3-B72D-47B6-A68D-7590B98EB39B}
		{EEB249E1-A1A7-41D6-9455-B9E1273FE9B7} = {90298CBA-BD6F-3A0A-69D5-97CAD7B05E7E}
		{3ED8F607-7733-418A-B081-8F139420230E} = {90298CBA-BD6F-3A0A-69D5-97CAD7B05E7E}
		{604C2F88-443D-4BB6-B5E0-D9CF8BDBF5F4} = {90298CBA-BD6F-3A0A-69D5-97CAD7B05E7E}
		{F45D0CFF-4F97-9FA9-FCF0-E02E04652613} = {827E0CD3-B72D-47B6-A68D-7590B98EB39B}
		{6F5988DA-6910-49F3-861F-B62CDA15F8CC} = {F45D0CFF-4F97-9FA9-FCF0-E02E04652613}
		{2D2C20C4-CEFD-41F0-8133-F1C52F0B83C3} = {F45D0CFF-4F97-9FA9-FCF0-E02E04652613}
		{B34885E8-2753-4B3F-819F-0DA96E120706} = {F45D0CFF-4F97-9FA9-FCF0-E02E04652613}
		{EA3D4E38-D561-498E-A8DE-53FBEFA770CA} = {F45D0CFF-4F97-9FA9-FCF0-E02E04652613}
		{6646DC9B-45F7-597F-FD98-DC7F277572B1} = {827E0CD3-B72D-47B6-A68D-7590B98EB39B}
		{F2FA52DC-EE62-485E-822A-E06108868AC6} = {6646DC9B-45F7-597F-FD98-DC7F277572B1}
		{CADF80B4-3625-43FB-A8A6-EE17177616A0} = {6646DC9B-45F7-597F-FD98-DC7F277572B1}
		{E992FCF7-FB6C-40EA-B8B3-2E1D38471C1C} = {6646DC9B-45F7-597F-FD98-DC7F277572B1}
		{BCBE161C-3F98-4009-AEE9-CA9C67D83435} = {6646DC9B-45F7-597F-FD98-DC7F277572B1}
		{FF0E3929-CBDF-D101-A636-4697F11DEC78} = {827E0CD3-B72D-47B6-A68D-7590B98EB39B}
		{3CDA6243-B264-4A0D-9413-D1AA01E6A4F3} = {FF0E3929-CBDF-D101-A636-4697F11DEC78}
		{B5C91692-59D3-4303-965A-BD505501E480} = {FF0E3929-CBDF-D101-A636-4697F11DEC78}
		{BACC5EF2-DAEA-4139-ADEA-B8B17FCD5550} = {FF0E3929-CBDF-D101-A636-4697F11DEC78}
		{BBFA798C-E6F4-42C4-ABED-336CBA3556C4} = {FF0E3929-CBDF-D101-A636-4697F11DEC78}
		{F4D194D3-4909-431E-B4D2-B9694CE37F8F} = {0AB3BF05-4346-4AA6-1389-037BE0695223}
		{421A12AE-D821-457B-9E3B-AF16F2A25466} = {0AB3BF05-4346-4AA6-1389-037BE0695223}
		{71FA6A4E-A53C-414C-B49A-990234F7EB9E} = {0AB3BF05-4346-4AA6-1389-037BE0695223}
		{83D84AAB-AF5F-4867-918F-D02925363013} = {0AB3BF05-4346-4AA6-1389-037BE0695223}
		{A4D9B1AF-5264-4050-AD3A-3C58AAB34242} = {0AB3BF05-4346-4AA6-1389-037BE0695223}
		{7FE323FE-1D49-4F31-AFA7-C81ABDD5D4C2} = {0AB3BF05-4346-4AA6-1389-037BE0695223}
		{2378E4CD-6ABB-4B95-AA2E-F1F6FCA321D5} = {0AB3BF05-4346-4AA6-1389-037BE0695223}
		{6CC35962-3A90-47C6-92AA-96EE42880704} = {0AB3BF05-4346-4AA6-1389-037BE0695223}
	EndGlobalSection
EndGlobal
